
Microsoft Visual Studio Solution File, Format Version 12.00
Project("{FAE04EC0-301F-11D3-BF4B-00C04F79EFBC}") = "apbd3s30995", "apbd3s30995.csproj", "{BDC5A391-7D9B-462E-B167-27128A058FAB}"
EndProject
Global
	GlobalSection(SolutionConfigurationPlatforms) = preSolution
		Debug|Any CPU = Debug|Any CPU
		Release|Any CPU = Release|Any CPU
	EndGlobalSection
	GlobalSection(ProjectConfigurationPlatforms) = postSolution
		{BDC5A391-7D9B-462E-B167-27128A058FAB}.Debug|Any CPU.ActiveCfg = Debug|Any CPU
		{BDC5A391-7D9B-462E-B167-27128A058FAB}.Debug|Any CPU.Build.0 = Debug|Any CPU
		{BDC5A391-7D9B-462E-B167-27128A058FAB}.Release|Any CPU.ActiveCfg = Release|Any CPU
		{BDC5A391-7D9B-462E-B167-27128A058FAB}.Release|Any CPU.Build.0 = Release|Any CPU
	EndGlobalSection
EndGlobal
